
Microsoft Visual Studio Solution File, Format Version 12.00
# Visual Studio Version 17
VisualStudioVersion = 17.0.32014.148
MinimumVisualStudioVersion = 10.0.40219.1
Project("{FAE04EC0-301F-11D3-BF4B-00C04F79EFBC}") = "Console3D", "Concole3D\Console3D.csproj", "{182046AB-442B-4475-9CD6-7026F3592C0F}"
EndProject
Global
	GlobalSection(SolutionConfigurationPlatforms) = preSolution
		Debug|Any CPU = Debug|Any CPU
		Release|Any CPU = Release|Any CPU
	EndGlobalSection
	GlobalSection(ProjectConfigurationPlatforms) = postSolution
		{182046AB-442B-4475-9CD6-7026F3592C0F}.Debug|Any CPU.ActiveCfg = Debug|Any CPU
		{182046AB-442B-4475-9CD6-7026F3592C0F}.Debug|Any CPU.Build.0 = Debug|Any CPU
		{182046AB-442B-4475-9CD6-7026F3592C0F}.Release|Any CPU.ActiveCfg = Release|Any CPU
		{182046AB-442B-4475-9CD6-7026F3592C0F}.Release|Any CPU.Build.0 = Release|Any CPU
	EndGlobalSection
	GlobalSection(SolutionProperties) = preSolution
		HideSolutionNode = FALSE
	EndGlobalSection
	GlobalSection(ExtensibilityGlobals) = postSolution
		SolutionGuid = {792ED4EB-1FF5-45D2-8975-0C4209151CD1}
	EndGlobalSection
EndGlobal
